
Microsoft Visual Studio Solution File, Format Version 12.00
# Visual Studio 14
VisualStudioVersion = 14.0.25420.1
MinimumVisualStudioVersion = 10.0.40219.1
Project("{FAE04EC0-301F-11D3-BF4B-00C04F79EFBC}") = "Dependencies", "Dependencies\Dependencies.csproj", "{6DF9ACA5-56E2-4B03-A783-C24B939A1152}"
EndProject
Project("{2150E333-8FDC-42A3-9474-1A3956D46DE8}") = "_3rdparty", "_3rdparty", "{1CB33485-2130-4560-9B0E-73A2DB07F650}"
	ProjectSection(SolutionItems) = preProject
		.gitignore = .gitignore
		appveyor.yml = appveyor.yml
		README.md = README.md
	EndProjectSection
EndProject
Project("{2150E333-8FDC-42A3-9474-1A3956D46DE8}") = "Core", "Core", "{B44FA3AA-C450-4770-B78A-FCD8ADE81237}"
EndProject
Project("{2150E333-8FDC-42A3-9474-1A3956D46DE8}") = "Tests", "Tests", "{EEC26171-C777-4252-A25F-D50947372A86}"
EndProject
Project("{FAE04EC0-301F-11D3-BF4B-00C04F79EFBC}") = "MetaPack.Tests", "MetaPack.Tests\MetaPack.Tests.csproj", "{3456E472-9046-4B61-A48B-46CC28321E7C}"
	ProjectSection(ProjectDependencies) = postProject
		{A15F8430-15F3-4E25-AA60-221D244EA2FD} = {A15F8430-15F3-4E25-AA60-221D244EA2FD}
		{9D4CEB39-5B75-46ED-989B-BFA648A9469E} = {9D4CEB39-5B75-46ED-989B-BFA648A9469E}
		{03F3D2A9-4BD8-4E76-8042-F617721222CA} = {03F3D2A9-4BD8-4E76-8042-F617721222CA}
		{262728CF-54E6-44CE-ADA9-8AB6934FC4CE} = {262728CF-54E6-44CE-ADA9-8AB6934FC4CE}
		{C7E76DE7-4CA9-43B6-8DDD-78928F4267BB} = {C7E76DE7-4CA9-43B6-8DDD-78928F4267BB}
	EndProjectSection
EndProject
Project("{FAE04EC0-301F-11D3-BF4B-00C04F79EFBC}") = "MetaPack.SPMeta2", "MetaPack.SPMeta2\MetaPack.SPMeta2.csproj", "{C7E76DE7-4CA9-43B6-8DDD-78928F4267BB}"
EndProject
Project("{FAE04EC0-301F-11D3-BF4B-00C04F79EFBC}") = "MetaPack.Core", "MetaPack.Core\MetaPack.Core.csproj", "{262728CF-54E6-44CE-ADA9-8AB6934FC4CE}"
EndProject
Project("{FAE04EC0-301F-11D3-BF4B-00C04F79EFBC}") = "MetaPack.NuGet", "MetaPack.NuGet\MetaPack.NuGet.csproj", "{A15F8430-15F3-4E25-AA60-221D244EA2FD}"
EndProject
Project("{2150E333-8FDC-42A3-9474-1A3956D46DE8}") = "Clients", "Clients", "{D963C6F2-6072-4996-828A-438CD4EE1D04}"
EndProject
Project("{FAE04EC0-301F-11D3-BF4B-00C04F79EFBC}") = "MetaPack.Client.Console", "MetaPack.Client.Console\MetaPack.Client.Console.csproj", "{03F3D2A9-4BD8-4E76-8042-F617721222CA}"
	ProjectSection(ProjectDependencies) = postProject
		{A15F8430-15F3-4E25-AA60-221D244EA2FD} = {A15F8430-15F3-4E25-AA60-221D244EA2FD}
		{9D4CEB39-5B75-46ED-989B-BFA648A9469E} = {9D4CEB39-5B75-46ED-989B-BFA648A9469E}
		{262728CF-54E6-44CE-ADA9-8AB6934FC4CE} = {262728CF-54E6-44CE-ADA9-8AB6934FC4CE}
		{C7E76DE7-4CA9-43B6-8DDD-78928F4267BB} = {C7E76DE7-4CA9-43B6-8DDD-78928F4267BB}
	EndProjectSection
EndProject
Project("{FAE04EC0-301F-11D3-BF4B-00C04F79EFBC}") = "MetaPack.Client.Common", "MetaPack.Client.Common\MetaPack.Client.Common.csproj", "{9D4CEB39-5B75-46ED-989B-BFA648A9469E}"
	ProjectSection(ProjectDependencies) = postProject
		{A15F8430-15F3-4E25-AA60-221D244EA2FD} = {A15F8430-15F3-4E25-AA60-221D244EA2FD}
		{262728CF-54E6-44CE-ADA9-8AB6934FC4CE} = {262728CF-54E6-44CE-ADA9-8AB6934FC4CE}
		{C7E76DE7-4CA9-43B6-8DDD-78928F4267BB} = {C7E76DE7-4CA9-43B6-8DDD-78928F4267BB}
	EndProjectSection
EndProject
Project("{FAE04EC0-301F-11D3-BF4B-00C04F79EFBC}") = "Build", "Build\Build.csproj", "{9A9AD32D-8364-4D57-8115-26178CB1EB3C}"
EndProject
Project("{2150E333-8FDC-42A3-9474-1A3956D46DE8}") = "Docs", "Docs", "{4F769F89-E461-49F6-B05D-C3DBB7C773BC}"
EndProject
Project("{FAE04EC0-301F-11D3-BF4B-00C04F79EFBC}") = "SubPointSolutions.Docs", "SubPointSolutions.Docs\SubPointSolutions.Docs.csproj", "{B30F6CA8-3E96-4734-B6B1-A61F201099E4}"
EndProject
Project("{2150E333-8FDC-42A3-9474-1A3956D46DE8}") = ".nuget", ".nuget", "{393BB1FB-D249-409A-A2CC-7F83BBFA82F2}"
	ProjectSection(SolutionItems) = preProject
		.nuget\NuGet.Config = .nuget\NuGet.Config
		.nuget\NuGet.exe = .nuget\NuGet.exe
		.nuget\NuGet.targets = .nuget\NuGet.targets
	EndProjectSection
EndProject
Project("{FAE04EC0-301F-11D3-BF4B-00C04F79EFBC}") = "MetaPack.SharePointPnP", "MetaPack.SharePointPnP\MetaPack.SharePointPnP.csproj", "{02FD93D0-B74C-4571-8AF4-4E7A849DB8D1}"
EndProject
Project("{2150E333-8FDC-42A3-9474-1A3956D46DE8}") = "Providers", "Providers", "{11EE3BB7-6E08-42C1-8718-9798C687C7CD}"
EndProject
Project("{FAE04EC0-301F-11D3-BF4B-00C04F79EFBC}") = "MetaPack.Client.Common.Tests", "MetaPack.Client.Common.Tests\MetaPack.Client.Common.Tests.csproj", "{F76412E6-9C03-4E66-825C-F684146F2774}"
EndProject
Project("{FAE04EC0-301F-11D3-BF4B-00C04F79EFBC}") = "MetaPack.Client.Console.Tests", "MetaPack.Client.Console.Tests\MetaPack.Client.Console.Tests.csproj", "{2807EB53-7E01-432F-AD28-7B92836001DF}"
EndProject
Global
	GlobalSection(SolutionConfigurationPlatforms) = preSolution
		Debug|Any CPU = Debug|Any CPU
		Release|Any CPU = Release|Any CPU
	EndGlobalSection
	GlobalSection(ProjectConfigurationPlatforms) = postSolution
		{6DF9ACA5-56E2-4B03-A783-C24B939A1152}.Debug|Any CPU.ActiveCfg = Debug|Any CPU
		{6DF9ACA5-56E2-4B03-A783-C24B939A1152}.Release|Any CPU.ActiveCfg = Release|Any CPU
		{6DF9ACA5-56E2-4B03-A783-C24B939A1152}.Release|Any CPU.Build.0 = Release|Any CPU
		{3456E472-9046-4B61-A48B-46CC28321E7C}.Debug|Any CPU.ActiveCfg = Debug|Any CPU
		{3456E472-9046-4B61-A48B-46CC28321E7C}.Debug|Any CPU.Build.0 = Debug|Any CPU
		{3456E472-9046-4B61-A48B-46CC28321E7C}.Release|Any CPU.ActiveCfg = Release|Any CPU
		{3456E472-9046-4B61-A48B-46CC28321E7C}.Release|Any CPU.Build.0 = Release|Any CPU
		{C7E76DE7-4CA9-43B6-8DDD-78928F4267BB}.Debug|Any CPU.ActiveCfg = Debug|Any CPU
		{C7E76DE7-4CA9-43B6-8DDD-78928F4267BB}.Debug|Any CPU.Build.0 = Debug|Any CPU
		{C7E76DE7-4CA9-43B6-8DDD-78928F4267BB}.Release|Any CPU.ActiveCfg = Release|Any CPU
		{C7E76DE7-4CA9-43B6-8DDD-78928F4267BB}.Release|Any CPU.Build.0 = Release|Any CPU
		{262728CF-54E6-44CE-ADA9-8AB6934FC4CE}.Debug|Any CPU.ActiveCfg = Debug|Any CPU
		{262728CF-54E6-44CE-ADA9-8AB6934FC4CE}.Debug|Any CPU.Build.0 = Debug|Any CPU
		{262728CF-54E6-44CE-ADA9-8AB6934FC4CE}.Release|Any CPU.ActiveCfg = Release|Any CPU
		{262728CF-54E6-44CE-ADA9-8AB6934FC4CE}.Release|Any CPU.Build.0 = Release|Any CPU
		{A15F8430-15F3-4E25-AA60-221D244EA2FD}.Debug|Any CPU.ActiveCfg = Debug|Any CPU
		{A15F8430-15F3-4E25-AA60-221D244EA2FD}.Debug|Any CPU.Build.0 = Debug|Any CPU
		{A15F8430-15F3-4E25-AA60-221D244EA2FD}.Release|Any CPU.ActiveCfg = Release|Any CPU
		{A15F8430-15F3-4E25-AA60-221D244EA2FD}.Release|Any CPU.Build.0 = Release|Any CPU
		{03F3D2A9-4BD8-4E76-8042-F617721222CA}.Debug|Any CPU.ActiveCfg = Debug|Any CPU
		{03F3D2A9-4BD8-4E76-8042-F617721222CA}.Debug|Any CPU.Build.0 = Debug|Any CPU
		{03F3D2A9-4BD8-4E76-8042-F617721222CA}.Release|Any CPU.ActiveCfg = Release|Any CPU
		{03F3D2A9-4BD8-4E76-8042-F617721222CA}.Release|Any CPU.Build.0 = Release|Any CPU
		{9D4CEB39-5B75-46ED-989B-BFA648A9469E}.Debug|Any CPU.ActiveCfg = Debug|Any CPU
		{9D4CEB39-5B75-46ED-989B-BFA648A9469E}.Debug|Any CPU.Build.0 = Debug|Any CPU
		{9D4CEB39-5B75-46ED-989B-BFA648A9469E}.Release|Any CPU.ActiveCfg = Release|Any CPU
		{9D4CEB39-5B75-46ED-989B-BFA648A9469E}.Release|Any CPU.Build.0 = Release|Any CPU
		{9A9AD32D-8364-4D57-8115-26178CB1EB3C}.Debug|Any CPU.ActiveCfg = Debug|Any CPU
		{9A9AD32D-8364-4D57-8115-26178CB1EB3C}.Release|Any CPU.ActiveCfg = Release|Any CPU
		{9A9AD32D-8364-4D57-8115-26178CB1EB3C}.Release|Any CPU.Build.0 = Release|Any CPU
		{B30F6CA8-3E96-4734-B6B1-A61F201099E4}.Debug|Any CPU.ActiveCfg = Debug|Any CPU
		{B30F6CA8-3E96-4734-B6B1-A61F201099E4}.Debug|Any CPU.Build.0 = Debug|Any CPU
		{B30F6CA8-3E96-4734-B6B1-A61F201099E4}.Release|Any CPU.ActiveCfg = Release|Any CPU
		{B30F6CA8-3E96-4734-B6B1-A61F201099E4}.Release|Any CPU.Build.0 = Release|Any CPU
		{02FD93D0-B74C-4571-8AF4-4E7A849DB8D1}.Debug|Any CPU.ActiveCfg = Debug|Any CPU
		{02FD93D0-B74C-4571-8AF4-4E7A849DB8D1}.Debug|Any CPU.Build.0 = Debug|Any CPU
		{02FD93D0-B74C-4571-8AF4-4E7A849DB8D1}.Release|Any CPU.ActiveCfg = Release|Any CPU
		{02FD93D0-B74C-4571-8AF4-4E7A849DB8D1}.Release|Any CPU.Build.0 = Release|Any CPU
		{F76412E6-9C03-4E66-825C-F684146F2774}.Debug|Any CPU.ActiveCfg = Debug|Any CPU
		{F76412E6-9C03-4E66-825C-F684146F2774}.Debug|Any CPU.Build.0 = Debug|Any CPU
		{F76412E6-9C03-4E66-825C-F684146F2774}.Release|Any CPU.ActiveCfg = Release|Any CPU
		{F76412E6-9C03-4E66-825C-F684146F2774}.Release|Any CPU.Build.0 = Release|Any CPU
		{2807EB53-7E01-432F-AD28-7B92836001DF}.Debug|Any CPU.ActiveCfg = Debug|Any CPU
		{2807EB53-7E01-432F-AD28-7B92836001DF}.Debug|Any CPU.Build.0 = Debug|Any CPU
		{2807EB53-7E01-432F-AD28-7B92836001DF}.Release|Any CPU.ActiveCfg = Release|Any CPU
		{2807EB53-7E01-432F-AD28-7B92836001DF}.Release|Any CPU.Build.0 = Release|Any CPU
	EndGlobalSection
	GlobalSection(SolutionProperties) = preSolution
		HideSolutionNode = FALSE
	EndGlobalSection
	GlobalSection(NestedProjects) = preSolution
		{6DF9ACA5-56E2-4B03-A783-C24B939A1152} = {1CB33485-2130-4560-9B0E-73A2DB07F650}
		{3456E472-9046-4B61-A48B-46CC28321E7C} = {EEC26171-C777-4252-A25F-D50947372A86}
		{C7E76DE7-4CA9-43B6-8DDD-78928F4267BB} = {11EE3BB7-6E08-42C1-8718-9798C687C7CD}
		{262728CF-54E6-44CE-ADA9-8AB6934FC4CE} = {B44FA3AA-C450-4770-B78A-FCD8ADE81237}
		{A15F8430-15F3-4E25-AA60-221D244EA2FD} = {B44FA3AA-C450-4770-B78A-FCD8ADE81237}
		{03F3D2A9-4BD8-4E76-8042-F617721222CA} = {D963C6F2-6072-4996-828A-438CD4EE1D04}
		{9D4CEB39-5B75-46ED-989B-BFA648A9469E} = {D963C6F2-6072-4996-828A-438CD4EE1D04}
		{9A9AD32D-8364-4D57-8115-26178CB1EB3C} = {1CB33485-2130-4560-9B0E-73A2DB07F650}
		{B30F6CA8-3E96-4734-B6B1-A61F201099E4} = {4F769F89-E461-49F6-B05D-C3DBB7C773BC}
		{02FD93D0-B74C-4571-8AF4-4E7A849DB8D1} = {11EE3BB7-6E08-42C1-8718-9798C687C7CD}
		{F76412E6-9C03-4E66-825C-F684146F2774} = {EEC26171-C777-4252-A25F-D50947372A86}
		{2807EB53-7E01-432F-AD28-7B92836001DF} = {EEC26171-C777-4252-A25F-D50947372A86}
	EndGlobalSection
EndGlobal
