
Microsoft Visual Studio Solution File, Format Version 12.00
# Visual Studio 15
VisualStudioVersion = 15.0.27703.2018
MinimumVisualStudioVersion = 10.0.40219.1
Project("{FAE04EC0-301F-11D3-BF4B-00C04F79EFBC}") = "Dependencies", "Dependencies\Dependencies.csproj", "{6DF9ACA5-56E2-4B03-A783-C24B939A1152}"
EndProject
Project("{2150E333-8FDC-42A3-9474-1A3956D46DE8}") = "_3rdparty", "_3rdparty", "{1CB33485-2130-4560-9B0E-73A2DB07F650}"
	ProjectSection(SolutionItems) = preProject
		.gitignore = .gitignore
		appveyor.yml = appveyor.yml
		README.md = README.md
	EndProjectSection
EndProject
Project("{FAE04EC0-301F-11D3-BF4B-00C04F79EFBC}") = "MetaPack.Tests", "MetaPack.Tests\MetaPack.Tests.csproj", "{3456E472-9046-4B61-A48B-46CC28321E7C}"
	ProjectSection(ProjectDependencies) = postProject
		{A15F8430-15F3-4E25-AA60-221D244EA2FD} = {A15F8430-15F3-4E25-AA60-221D244EA2FD}
		{9D4CEB39-5B75-46ED-989B-BFA648A9469E} = {9D4CEB39-5B75-46ED-989B-BFA648A9469E}
		{03F3D2A9-4BD8-4E76-8042-F617721222CA} = {03F3D2A9-4BD8-4E76-8042-F617721222CA}
		{262728CF-54E6-44CE-ADA9-8AB6934FC4CE} = {262728CF-54E6-44CE-ADA9-8AB6934FC4CE}
		{C7E76DE7-4CA9-43B6-8DDD-78928F4267BB} = {C7E76DE7-4CA9-43B6-8DDD-78928F4267BB}
	EndProjectSection
EndProject
Project("{FAE04EC0-301F-11D3-BF4B-00C04F79EFBC}") = "MetaPack.SPMeta2", "MetaPack.SPMeta2\MetaPack.SPMeta2.csproj", "{C7E76DE7-4CA9-43B6-8DDD-78928F4267BB}"
EndProject
Project("{FAE04EC0-301F-11D3-BF4B-00C04F79EFBC}") = "MetaPack.Core", "MetaPack.Core\MetaPack.Core.csproj", "{262728CF-54E6-44CE-ADA9-8AB6934FC4CE}"
EndProject
Project("{FAE04EC0-301F-11D3-BF4B-00C04F79EFBC}") = "MetaPack.NuGet", "MetaPack.NuGet\MetaPack.NuGet.csproj", "{A15F8430-15F3-4E25-AA60-221D244EA2FD}"
EndProject
Project("{FAE04EC0-301F-11D3-BF4B-00C04F79EFBC}") = "MetaPack.Client.Console", "MetaPack.Client.Console\MetaPack.Client.Console.csproj", "{03F3D2A9-4BD8-4E76-8042-F617721222CA}"
	ProjectSection(ProjectDependencies) = postProject
		{A15F8430-15F3-4E25-AA60-221D244EA2FD} = {A15F8430-15F3-4E25-AA60-221D244EA2FD}
		{9D4CEB39-5B75-46ED-989B-BFA648A9469E} = {9D4CEB39-5B75-46ED-989B-BFA648A9469E}
		{262728CF-54E6-44CE-ADA9-8AB6934FC4CE} = {262728CF-54E6-44CE-ADA9-8AB6934FC4CE}
		{C7E76DE7-4CA9-43B6-8DDD-78928F4267BB} = {C7E76DE7-4CA9-43B6-8DDD-78928F4267BB}
	EndProjectSection
EndProject
Project("{FAE04EC0-301F-11D3-BF4B-00C04F79EFBC}") = "MetaPack.Client.Common", "MetaPack.Client.Common\MetaPack.Client.Common.csproj", "{9D4CEB39-5B75-46ED-989B-BFA648A9469E}"
	ProjectSection(ProjectDependencies) = postProject
		{A15F8430-15F3-4E25-AA60-221D244EA2FD} = {A15F8430-15F3-4E25-AA60-221D244EA2FD}
		{262728CF-54E6-44CE-ADA9-8AB6934FC4CE} = {262728CF-54E6-44CE-ADA9-8AB6934FC4CE}
		{C7E76DE7-4CA9-43B6-8DDD-78928F4267BB} = {C7E76DE7-4CA9-43B6-8DDD-78928F4267BB}
	EndProjectSection
EndProject
Project("{FAE04EC0-301F-11D3-BF4B-00C04F79EFBC}") = "Build", "Build\Build.csproj", "{9A9AD32D-8364-4D57-8115-26178CB1EB3C}"
EndProject
Project("{2150E333-8FDC-42A3-9474-1A3956D46DE8}") = ".nuget", ".nuget", "{393BB1FB-D249-409A-A2CC-7F83BBFA82F2}"
	ProjectSection(SolutionItems) = preProject
		.nuget\NuGet.Config = .nuget\NuGet.Config
		.nuget\NuGet.exe = .nuget\NuGet.exe
		.nuget\NuGet.targets = .nuget\NuGet.targets
	EndProjectSection
EndProject
Project("{FAE04EC0-301F-11D3-BF4B-00C04F79EFBC}") = "MetaPack.SharePointPnP", "MetaPack.SharePointPnP\MetaPack.SharePointPnP.csproj", "{02FD93D0-B74C-4571-8AF4-4E7A849DB8D1}"
EndProject
Project("{FAE04EC0-301F-11D3-BF4B-00C04F79EFBC}") = "MetaPack.Client.Common.Tests", "MetaPack.Client.Common.Tests\MetaPack.Client.Common.Tests.csproj", "{F76412E6-9C03-4E66-825C-F684146F2774}"
EndProject
Project("{FAE04EC0-301F-11D3-BF4B-00C04F79EFBC}") = "MetaPack.Client.Console.Tests", "MetaPack.Client.Console.Tests\MetaPack.Client.Console.Tests.csproj", "{2807EB53-7E01-432F-AD28-7B92836001DF}"
EndProject
Project("{2150E333-8FDC-42A3-9474-1A3956D46DE8}") = "_tmp", "_tmp", "{523F8AC5-AA8B-4E27-B935-F8EA76857E5E}"
EndProject
Global
	GlobalSection(SolutionConfigurationPlatforms) = preSolution
		Debug|Any CPU = Debug|Any CPU
		Release|Any CPU = Release|Any CPU
	EndGlobalSection
	GlobalSection(ProjectConfigurationPlatforms) = postSolution
		{6DF9ACA5-56E2-4B03-A783-C24B939A1152}.Debug|Any CPU.ActiveCfg = Debug|Any CPU
		{6DF9ACA5-56E2-4B03-A783-C24B939A1152}.Release|Any CPU.ActiveCfg = Release|Any CPU
		{6DF9ACA5-56E2-4B03-A783-C24B939A1152}.Release|Any CPU.Build.0 = Release|Any CPU
		{3456E472-9046-4B61-A48B-46CC28321E7C}.Debug|Any CPU.ActiveCfg = Debug|Any CPU
		{3456E472-9046-4B61-A48B-46CC28321E7C}.Debug|Any CPU.Build.0 = Debug|Any CPU
		{3456E472-9046-4B61-A48B-46CC28321E7C}.Release|Any CPU.ActiveCfg = Release|Any CPU
		{3456E472-9046-4B61-A48B-46CC28321E7C}.Release|Any CPU.Build.0 = Release|Any CPU
		{C7E76DE7-4CA9-43B6-8DDD-78928F4267BB}.Debug|Any CPU.ActiveCfg = Debug|Any CPU
		{C7E76DE7-4CA9-43B6-8DDD-78928F4267BB}.Debug|Any CPU.Build.0 = Debug|Any CPU
		{C7E76DE7-4CA9-43B6-8DDD-78928F4267BB}.Release|Any CPU.ActiveCfg = Release|Any CPU
		{C7E76DE7-4CA9-43B6-8DDD-78928F4267BB}.Release|Any CPU.Build.0 = Release|Any CPU
		{262728CF-54E6-44CE-ADA9-8AB6934FC4CE}.Debug|Any CPU.ActiveCfg = Debug|Any CPU
		{262728CF-54E6-44CE-ADA9-8AB6934FC4CE}.Debug|Any CPU.Build.0 = Debug|Any CPU
		{262728CF-54E6-44CE-ADA9-8AB6934FC4CE}.Release|Any CPU.ActiveCfg = Release|Any CPU
		{262728CF-54E6-44CE-ADA9-8AB6934FC4CE}.Release|Any CPU.Build.0 = Release|Any CPU
		{A15F8430-15F3-4E25-AA60-221D244EA2FD}.Debug|Any CPU.ActiveCfg = Debug|Any CPU
		{A15F8430-15F3-4E25-AA60-221D244EA2FD}.Debug|Any CPU.Build.0 = Debug|Any CPU
		{A15F8430-15F3-4E25-AA60-221D244EA2FD}.Release|Any CPU.ActiveCfg = Release|Any CPU
		{A15F8430-15F3-4E25-AA60-221D244EA2FD}.Release|Any CPU.Build.0 = Release|Any CPU
		{03F3D2A9-4BD8-4E76-8042-F617721222CA}.Debug|Any CPU.ActiveCfg = Debug|Any CPU
		{03F3D2A9-4BD8-4E76-8042-F617721222CA}.Debug|Any CPU.Build.0 = Debug|Any CPU
		{03F3D2A9-4BD8-4E76-8042-F617721222CA}.Release|Any CPU.ActiveCfg = Release|Any CPU
		{03F3D2A9-4BD8-4E76-8042-F617721222CA}.Release|Any CPU.Build.0 = Release|Any CPU
		{9D4CEB39-5B75-46ED-989B-BFA648A9469E}.Debug|Any CPU.ActiveCfg = Debug|Any CPU
		{9D4CEB39-5B75-46ED-989B-BFA648A9469E}.Debug|Any CPU.Build.0 = Debug|Any CPU
		{9D4CEB39-5B75-46ED-989B-BFA648A9469E}.Release|Any CPU.ActiveCfg = Release|Any CPU
		{9D4CEB39-5B75-46ED-989B-BFA648A9469E}.Release|Any CPU.Build.0 = Release|Any CPU
		{9A9AD32D-8364-4D57-8115-26178CB1EB3C}.Debug|Any CPU.ActiveCfg = Debug|Any CPU
		{9A9AD32D-8364-4D57-8115-26178CB1EB3C}.Release|Any CPU.ActiveCfg = Release|Any CPU
		{9A9AD32D-8364-4D57-8115-26178CB1EB3C}.Release|Any CPU.Build.0 = Release|Any CPU
		{02FD93D0-B74C-4571-8AF4-4E7A849DB8D1}.Debug|Any CPU.ActiveCfg = Debug|Any CPU
		{02FD93D0-B74C-4571-8AF4-4E7A849DB8D1}.Debug|Any CPU.Build.0 = Debug|Any CPU
		{02FD93D0-B74C-4571-8AF4-4E7A849DB8D1}.Release|Any CPU.ActiveCfg = Release|Any CPU
		{02FD93D0-B74C-4571-8AF4-4E7A849DB8D1}.Release|Any CPU.Build.0 = Release|Any CPU
		{F76412E6-9C03-4E66-825C-F684146F2774}.Debug|Any CPU.ActiveCfg = Debug|Any CPU
		{F76412E6-9C03-4E66-825C-F684146F2774}.Debug|Any CPU.Build.0 = Debug|Any CPU
		{F76412E6-9C03-4E66-825C-F684146F2774}.Release|Any CPU.ActiveCfg = Release|Any CPU
		{F76412E6-9C03-4E66-825C-F684146F2774}.Release|Any CPU.Build.0 = Release|Any CPU
		{2807EB53-7E01-432F-AD28-7B92836001DF}.Debug|Any CPU.ActiveCfg = Debug|Any CPU
		{2807EB53-7E01-432F-AD28-7B92836001DF}.Debug|Any CPU.Build.0 = Debug|Any CPU
		{2807EB53-7E01-432F-AD28-7B92836001DF}.Release|Any CPU.ActiveCfg = Release|Any CPU
		{2807EB53-7E01-432F-AD28-7B92836001DF}.Release|Any CPU.Build.0 = Release|Any CPU
	EndGlobalSection
	GlobalSection(SolutionProperties) = preSolution
		HideSolutionNode = FALSE
	EndGlobalSection
	GlobalSection(NestedProjects) = preSolution
		{6DF9ACA5-56E2-4B03-A783-C24B939A1152} = {1CB33485-2130-4560-9B0E-73A2DB07F650}
		{03F3D2A9-4BD8-4E76-8042-F617721222CA} = {523F8AC5-AA8B-4E27-B935-F8EA76857E5E}
		{9D4CEB39-5B75-46ED-989B-BFA648A9469E} = {523F8AC5-AA8B-4E27-B935-F8EA76857E5E}
		{9A9AD32D-8364-4D57-8115-26178CB1EB3C} = {1CB33485-2130-4560-9B0E-73A2DB07F650}
		{F76412E6-9C03-4E66-825C-F684146F2774} = {523F8AC5-AA8B-4E27-B935-F8EA76857E5E}
		{2807EB53-7E01-432F-AD28-7B92836001DF} = {523F8AC5-AA8B-4E27-B935-F8EA76857E5E}
	EndGlobalSection
	GlobalSection(ExtensibilityGlobals) = postSolution
		SolutionGuid = {887F9FDD-A25B-46DF-8DFD-D11A4DFC13CD}
	EndGlobalSection
EndGlobal
